
Microsoft Visual Studio Solution File, Format Version 12.00
# Visual Studio Version 17
VisualStudioVersion = 17.9.34622.214
MinimumVisualStudioVersion = 10.0.40219.1
Project("{2150E333-8FDC-42A3-9474-1A3956D46DE8}") = "Requirements", "Requirements", "{50783442-E15C-4628-8AF6-1CD8AA6DEE9F}"
EndProject
Project("{2150E333-8FDC-42A3-9474-1A3956D46DE8}") = "Services", "Services", "{3DA76164-E060-48F2-A288-C93FFF501E6E}"
EndProject
Project("{2150E333-8FDC-42A3-9474-1A3956D46DE8}") = "IdentityServer", "IdentityServer", "{877A1E4E-EEA0-4757-AA85-7AB03D4672BA}"
EndProject
Project("{2150E333-8FDC-42A3-9474-1A3956D46DE8}") = "Frontends", "Frontends", "{C8D5DE3E-C947-4D7D-857B-12F60FEA5450}"
EndProject
Project("{2150E333-8FDC-42A3-9474-1A3956D46DE8}") = "Catalog", "Catalog", "{A6879226-04E7-4EA9-8428-0058FB4F14A9}"
EndProject
Project("{9A19103F-16F7-4668-BE54-9A1E7A4F7556}") = "TakeAway.Catalog", "Services\Catalog\TakeAway.Catalog\TakeAway.Catalog.csproj", "{74E04A68-84DD-4DF9-8FC9-8BDDB28347BC}"
EndProject
Project("{2150E333-8FDC-42A3-9474-1A3956D46DE8}") = "Discount", "Discount", "{A4923270-ECFC-446A-9505-D2F162EFE160}"
EndProject
Project("{9A19103F-16F7-4668-BE54-9A1E7A4F7556}") = "TakeAwayProject.Discount", "Services\Discount\TakeAwayProject.Discount\TakeAwayProject.Discount.csproj", "{BDCBD4EA-DA24-4FD6-8735-1D8A3620AF83}"
EndProject
Project("{2150E333-8FDC-42A3-9474-1A3956D46DE8}") = "Order", "Order", "{F6D285A7-24EF-4B18-B75B-D37C4325C9CD}"
EndProject
Project("{2150E333-8FDC-42A3-9474-1A3956D46DE8}") = "Core", "Core", "{D0EEBF0B-C940-474E-9CB0-D7DCE720C9CE}"
EndProject
Project("{2150E333-8FDC-42A3-9474-1A3956D46DE8}") = "Infrastructure", "Infrastructure", "{80A9CC03-1392-4A88-9D85-8E4EFBCBE631}"
EndProject
Project("{2150E333-8FDC-42A3-9474-1A3956D46DE8}") = "Presentation", "Presentation", "{D3FBD543-C65A-4F6A-BEEC-9EF0AE20EEE9}"
EndProject
Project("{FAE04EC0-301F-11D3-BF4B-00C04F79EFBC}") = "TakeAwayProject.Application", "Services\Order\Core\TakeAwayProject.Application\TakeAwayProject.Application.csproj", "{549583B0-248E-428D-A2A0-9D02802FBAF8}"
EndProject
Project("{FAE04EC0-301F-11D3-BF4B-00C04F79EFBC}") = "TakeAwayProject.Domain", "Services\Order\Core\TakeAwayProject.Domain\TakeAwayProject.Domain.csproj", "{6ECAC49A-32CF-4AB5-AD17-B6091D876C2C}"
EndProject
Project("{FAE04EC0-301F-11D3-BF4B-00C04F79EFBC}") = "TakeAwayProject.Persistence", "Services\Order\Infrastructure\TakeAwayProject.Persistence\TakeAwayProject.Persistence.csproj", "{87DBBBD2-9C35-454C-B5BC-FE68F6D0C8BA}"
EndProject
Project("{FAE04EC0-301F-11D3-BF4B-00C04F79EFBC}") = "TakeAwayProject.OrderApi", "Services\Order\Presentation\TakeAwayProject.OrderApi\TakeAwayProject.OrderApi.csproj", "{B437C4D0-AE4A-4E63-838E-2EECB12EECFA}"
EndProject
Global
	GlobalSection(SolutionConfigurationPlatforms) = preSolution
		Debug|Any CPU = Debug|Any CPU
		Release|Any CPU = Release|Any CPU
	EndGlobalSection
	GlobalSection(ProjectConfigurationPlatforms) = postSolution
		{74E04A68-84DD-4DF9-8FC9-8BDDB28347BC}.Debug|Any CPU.ActiveCfg = Debug|Any CPU
		{74E04A68-84DD-4DF9-8FC9-8BDDB28347BC}.Debug|Any CPU.Build.0 = Debug|Any CPU
		{74E04A68-84DD-4DF9-8FC9-8BDDB28347BC}.Release|Any CPU.ActiveCfg = Release|Any CPU
		{74E04A68-84DD-4DF9-8FC9-8BDDB28347BC}.Release|Any CPU.Build.0 = Release|Any CPU
		{BDCBD4EA-DA24-4FD6-8735-1D8A3620AF83}.Debug|Any CPU.ActiveCfg = Debug|Any CPU
		{BDCBD4EA-DA24-4FD6-8735-1D8A3620AF83}.Debug|Any CPU.Build.0 = Debug|Any CPU
		{BDCBD4EA-DA24-4FD6-8735-1D8A3620AF83}.Release|Any CPU.ActiveCfg = Release|Any CPU
		{BDCBD4EA-DA24-4FD6-8735-1D8A3620AF83}.Release|Any CPU.Build.0 = Release|Any CPU
		{549583B0-248E-428D-A2A0-9D02802FBAF8}.Debug|Any CPU.ActiveCfg = Debug|Any CPU
		{549583B0-248E-428D-A2A0-9D02802FBAF8}.Debug|Any CPU.Build.0 = Debug|Any CPU
		{549583B0-248E-428D-A2A0-9D02802FBAF8}.Release|Any CPU.ActiveCfg = Release|Any CPU
		{549583B0-248E-428D-A2A0-9D02802FBAF8}.Release|Any CPU.Build.0 = Release|Any CPU
		{6ECAC49A-32CF-4AB5-AD17-B6091D876C2C}.Debug|Any CPU.ActiveCfg = Debug|Any CPU
		{6ECAC49A-32CF-4AB5-AD17-B6091D876C2C}.Debug|Any CPU.Build.0 = Debug|Any CPU
		{6ECAC49A-32CF-4AB5-AD17-B6091D876C2C}.Release|Any CPU.ActiveCfg = Release|Any CPU
		{6ECAC49A-32CF-4AB5-AD17-B6091D876C2C}.Release|Any CPU.Build.0 = Release|Any CPU
		{87DBBBD2-9C35-454C-B5BC-FE68F6D0C8BA}.Debug|Any CPU.ActiveCfg = Debug|Any CPU
		{87DBBBD2-9C35-454C-B5BC-FE68F6D0C8BA}.Debug|Any CPU.Build.0 = Debug|Any CPU
		{87DBBBD2-9C35-454C-B5BC-FE68F6D0C8BA}.Release|Any CPU.ActiveCfg = Release|Any CPU
		{87DBBBD2-9C35-454C-B5BC-FE68F6D0C8BA}.Release|Any CPU.Build.0 = Release|Any CPU
		{B437C4D0-AE4A-4E63-838E-2EECB12EECFA}.Debug|Any CPU.ActiveCfg = Debug|Any CPU
		{B437C4D0-AE4A-4E63-838E-2EECB12EECFA}.Debug|Any CPU.Build.0 = Debug|Any CPU
		{B437C4D0-AE4A-4E63-838E-2EECB12EECFA}.Release|Any CPU.ActiveCfg = Release|Any CPU
		{B437C4D0-AE4A-4E63-838E-2EECB12EECFA}.Release|Any CPU.Build.0 = Release|Any CPU
	EndGlobalSection
	GlobalSection(SolutionProperties) = preSolution
		HideSolutionNode = FALSE
	EndGlobalSection
	GlobalSection(NestedProjects) = preSolution
		{A6879226-04E7-4EA9-8428-0058FB4F14A9} = {3DA76164-E060-48F2-A288-C93FFF501E6E}
		{74E04A68-84DD-4DF9-8FC9-8BDDB28347BC} = {A6879226-04E7-4EA9-8428-0058FB4F14A9}
		{A4923270-ECFC-446A-9505-D2F162EFE160} = {3DA76164-E060-48F2-A288-C93FFF501E6E}
		{BDCBD4EA-DA24-4FD6-8735-1D8A3620AF83} = {A4923270-ECFC-446A-9505-D2F162EFE160}
		{F6D285A7-24EF-4B18-B75B-D37C4325C9CD} = {3DA76164-E060-48F2-A288-C93FFF501E6E}
		{D0EEBF0B-C940-474E-9CB0-D7DCE720C9CE} = {F6D285A7-24EF-4B18-B75B-D37C4325C9CD}
		{80A9CC03-1392-4A88-9D85-8E4EFBCBE631} = {F6D285A7-24EF-4B18-B75B-D37C4325C9CD}
		{D3FBD543-C65A-4F6A-BEEC-9EF0AE20EEE9} = {F6D285A7-24EF-4B18-B75B-D37C4325C9CD}
		{549583B0-248E-428D-A2A0-9D02802FBAF8} = {D0EEBF0B-C940-474E-9CB0-D7DCE720C9CE}
		{6ECAC49A-32CF-4AB5-AD17-B6091D876C2C} = {D0EEBF0B-C940-474E-9CB0-D7DCE720C9CE}
		{87DBBBD2-9C35-454C-B5BC-FE68F6D0C8BA} = {80A9CC03-1392-4A88-9D85-8E4EFBCBE631}
		{B437C4D0-AE4A-4E63-838E-2EECB12EECFA} = {D3FBD543-C65A-4F6A-BEEC-9EF0AE20EEE9}
	EndGlobalSection
	GlobalSection(ExtensibilityGlobals) = postSolution
		SolutionGuid = {DA72C06A-DB40-4455-B1BC-AA93B0E7738F}
	EndGlobalSection
EndGlobal
